
Microsoft Visual Studio Solution File, Format Version 12.00
# Visual Studio 15
VisualStudioVersion = 15.0.27703.2026
MinimumVisualStudioVersion = 10.0.40219.1
Project("{FAE04EC0-301F-11D3-BF4B-00C04F79EFBC}") = "webapi", "webapi\webapi.csproj", "{96BD2AFD-99CA-43FC-965F-5B394F30815E}"
EndProject
Global
	GlobalSection(SolutionConfigurationPlatforms) = preSolution
		Debug|Any CPU = Debug|Any CPU
		Release|Any CPU = Release|Any CPU
	EndGlobalSection
	GlobalSection(ProjectConfigurationPlatforms) = postSolution
		{96BD2AFD-99CA-43FC-965F-5B394F30815E}.Debug|Any CPU.ActiveCfg = Debug|Any CPU
		{96BD2AFD-99CA-43FC-965F-5B394F30815E}.Debug|Any CPU.Build.0 = Debug|Any CPU
		{96BD2AFD-99CA-43FC-965F-5B394F30815E}.Release|Any CPU.ActiveCfg = Release|Any CPU
		{96BD2AFD-99CA-43FC-965F-5B394F30815E}.Release|Any CPU.Build.0 = Release|Any CPU
	EndGlobalSection
	GlobalSection(SolutionProperties) = preSolution
		HideSolutionNode = FALSE
	EndGlobalSection
	GlobalSection(ExtensibilityGlobals) = postSolution
		SolutionGuid = {887B12A6-F9FB-4155-B622-8AF1BACD860D}
	EndGlobalSection
EndGlobal
